
Microsoft Visual Studio Solution File, Format Version 12.00
# Visual Studio Version 16
VisualStudioVersion = 16.0.30611.23
MinimumVisualStudioVersion = 10.0.40219.1
Project("{9A19103F-16F7-4668-BE54-9A1E7A4F7556}") = "FacturacionDigitalWare", "FacturacionDigitalWare\FacturacionDigitalWare.csproj", "{2E68FBB8-28EF-41D7-918F-CDC91F67C8C8}"
EndProject
Project("{FAE04EC0-301F-11D3-BF4B-00C04F79EFBC}") = "FacturacionDigitalWare.DAL", "FacturacionDigitalWare.DAL\FacturacionDigitalWare.DAL.csproj", "{706FF677-6136-47EE-BC59-7E179D972CEF}"
EndProject
Project("{FAE04EC0-301F-11D3-BF4B-00C04F79EFBC}") = "FacturacionDigitalWare.BI", "FacturacionDigitalWare.BI\FacturacionDigitalWare.BI.csproj", "{073E0B09-EE48-4951-B1F3-22F21FE8CD0F}"
EndProject
Project("{FAE04EC0-301F-11D3-BF4B-00C04F79EFBC}") = "FacturacionDigitalWare.Test", "FacturacionDigitalWare.Test\FacturacionDigitalWare.Test.csproj", "{50D41849-C7AC-4B99-B973-5F014E68AA64}"
EndProject
Global
	GlobalSection(SolutionConfigurationPlatforms) = preSolution
		Debug|Any CPU = Debug|Any CPU
		Release|Any CPU = Release|Any CPU
	EndGlobalSection
	GlobalSection(ProjectConfigurationPlatforms) = postSolution
		{2E68FBB8-28EF-41D7-918F-CDC91F67C8C8}.Debug|Any CPU.ActiveCfg = Debug|Any CPU
		{2E68FBB8-28EF-41D7-918F-CDC91F67C8C8}.Debug|Any CPU.Build.0 = Debug|Any CPU
		{2E68FBB8-28EF-41D7-918F-CDC91F67C8C8}.Release|Any CPU.ActiveCfg = Release|Any CPU
		{2E68FBB8-28EF-41D7-918F-CDC91F67C8C8}.Release|Any CPU.Build.0 = Release|Any CPU
		{706FF677-6136-47EE-BC59-7E179D972CEF}.Debug|Any CPU.ActiveCfg = Debug|Any CPU
		{706FF677-6136-47EE-BC59-7E179D972CEF}.Debug|Any CPU.Build.0 = Debug|Any CPU
		{706FF677-6136-47EE-BC59-7E179D972CEF}.Release|Any CPU.ActiveCfg = Release|Any CPU
		{706FF677-6136-47EE-BC59-7E179D972CEF}.Release|Any CPU.Build.0 = Release|Any CPU
		{073E0B09-EE48-4951-B1F3-22F21FE8CD0F}.Debug|Any CPU.ActiveCfg = Debug|Any CPU
		{073E0B09-EE48-4951-B1F3-22F21FE8CD0F}.Debug|Any CPU.Build.0 = Debug|Any CPU
		{073E0B09-EE48-4951-B1F3-22F21FE8CD0F}.Release|Any CPU.ActiveCfg = Release|Any CPU
		{073E0B09-EE48-4951-B1F3-22F21FE8CD0F}.Release|Any CPU.Build.0 = Release|Any CPU
		{50D41849-C7AC-4B99-B973-5F014E68AA64}.Debug|Any CPU.ActiveCfg = Debug|Any CPU
		{50D41849-C7AC-4B99-B973-5F014E68AA64}.Debug|Any CPU.Build.0 = Debug|Any CPU
		{50D41849-C7AC-4B99-B973-5F014E68AA64}.Release|Any CPU.ActiveCfg = Release|Any CPU
		{50D41849-C7AC-4B99-B973-5F014E68AA64}.Release|Any CPU.Build.0 = Release|Any CPU
	EndGlobalSection
	GlobalSection(SolutionProperties) = preSolution
		HideSolutionNode = FALSE
	EndGlobalSection
	GlobalSection(ExtensibilityGlobals) = postSolution
		SolutionGuid = {9F6538AD-9AF8-43B8-844F-1EEA915BFD57}
	EndGlobalSection
EndGlobal
